PODS:
  - Alamofire (5.6.2)
  - CRRefresh (1.1.3)
  - IQKeyboardManagerSwift (6.5.10)
  - MarqueeLabel (4.3.0)
  - ObjectMapper (4.2.0)
  - Queuer (2.1.1)
  - RevealingSplashView (0.6.0)
  - SDWebImage (5.13.4):
    - SDWebImage/Core (= 5.13.4)
  - SDWebImage/Core (5.13.4)
  - SwiftLint (0.49.1)
  - SwiftyJSON (5.0.1)
  - UIView-Shimmer (1.0.4)

DEPENDENCIES:
  - Alamofire
  - CRRefresh
  - IQKeyboardManagerSwift
  - MarqueeLabel
  - ObjectMapper
  - Queuer
  - RevealingSplashView
  - SDWebImage
  - SwiftLint
  - SwiftyJSON
  - UIView-Shimmer

SPEC REPOS:
  trunk:
    - Alamofire
    - CRRefresh
    - IQKeyboardManagerSwift
    - MarqueeLabel
    - ObjectMapper
    - Queuer
    - RevealingSplashView
    - SDWebImage
    - SwiftLint
    - SwiftyJSON
    - UIView-Shimmer

SPEC CHECKSUMS:
  Alamofire: d368e1ff8a298e6dde360e35a3e68e6c610e7204
  CRRefresh: 1415d4ae06837fa7bb064c44f2e102f3ef517044
  IQKeyboardManagerSwift: 52962c76ab33532f15ad9f3ff4e5715eda5335bb
  MarqueeLabel: 02f5ac8fd6877c94564556cb93fa86c70c08baeb
  ObjectMapper: 1eb41f610210777375fa806bf161dc39fb832b81
  Queuer: 65c5f6b821417bc62da23d63d570ec9d22bee4de
  RevealingSplashView: 40c5a770894459736acdc95655eeba0dd30ce91c
  SDWebImage: e5cc87bf736e60f49592f307bdf9e157189298a3
  SwiftLint: 32ee33ded0636d0905ef6911b2b67bbaeeedafa5
  SwiftyJSON: 2f33a42c6fbc52764d96f13368585094bfd8aa5e
  UIView-Shimmer: ff0a32c73d67c7dbdea3d9e530538b10d18aea56

PODFILE CHECKSUM: adbd8772ee315b06173dffb3c79d3411340a0990

COCOAPODS: 1.11.3
